{
    "name": "modeltoolbox",
    "version": "0.2.4",
    "lockfileVersion": 3,
    "requires": true,
    "packages": {
        "": {
            "name": "modeltoolbox",
            "version": "0.2.4",
            "hasInstallScript": true,
            "license": "MIT",
            "bin": {
                "mtb": "npm/mtb.cjs"
            },
            "engines": {
                "node": ">=18"
            }
        }
    }
}
